{
  "lockfile_version": "1",
  "packages": {
    "clj-kondo@latest": {
      "last_modified": "2025-09-19T06:08:23Z",
      "resolved": "github:NixOS/nixpkgs/12bd230118a1901a4a5d393f9f56b6ad7e571d01#clj-kondo",
      "source": "devbox-search",
      "version": "2025.07.28",
      "systems": {
        "aarch64-darwin": {
          "outputs": [
            {
              "name": "out",
              "path": "/nix/store/amak902ffrg3z5vmxasqf9bkmn8zw53s-clj-kondo-2025.07.28",
              "default": true
            }
          ],
          "store_path": "/nix/store/amak902ffrg3z5vmxasqf9bkmn8zw53s-clj-kondo-2025.07.28"
        },
        "aarch64-linux": {
          "outputs": [
            {
              "name": "out",
              "path": "/nix/store/85iirm69a0q0b5cw4ba6pqvp5za6ckbn-clj-kondo-2025.07.28",
              "default": true
            }
          ],
          "store_path": "/nix/store/85iirm69a0q0b5cw4ba6pqvp5za6ckbn-clj-kondo-2025.07.28"
        },
        "x86_64-darwin": {
          "outputs": [
            {
              "name": "out",
              "path": "/nix/store/ycvywl1izfa08017igzjg0fnk4x7gisg-clj-kondo-2025.07.28",
              "default": true
            }
          ],
          "store_path": "/nix/store/ycvywl1izfa08017igzjg0fnk4x7gisg-clj-kondo-2025.07.28"
        },
        "x86_64-linux": {
          "outputs": [
            {
              "name": "out",
              "path": "/nix/store/s4bhgcqi3syp87k3pz3zyv2dm84bw49x-clj-kondo-2025.07.28",
              "default": true
            }
          ],
          "store_path": "/nix/store/s4bhgcqi3syp87k3pz3zyv2dm84bw49x-clj-kondo-2025.07.28"
        }
      }
    },
    "cljfmt@latest": {
      "last_modified": "2025-09-19T06:08:23Z",
      "resolved": "github:NixOS/nixpkgs/12bd230118a1901a4a5d393f9f56b6ad7e571d01#cljfmt",
      "source": "devbox-search",
      "version": "0.13.1",
      "systems": {
        "aarch64-darwin": {
          "outputs": [
            {
              "name": "out",
              "path": "/nix/store/2gpnw6c8w8w4sl8jwfc5japq67rksz5h-cljfmt-0.13.1",
              "default": true
            }
          ],
          "store_path": "/nix/store/2gpnw6c8w8w4sl8jwfc5japq67rksz5h-cljfmt-0.13.1"
        },
        "aarch64-linux": {
          "outputs": [
            {
              "name": "out",
              "path": "/nix/store/3nwzjlwh51vxsyk5py78zl7f48y9j9dz-cljfmt-0.13.1",
              "default": true
            }
          ],
          "store_path": "/nix/store/3nwzjlwh51vxsyk5py78zl7f48y9j9dz-cljfmt-0.13.1"
        },
        "x86_64-darwin": {
          "outputs": [
            {
              "name": "out",
              "path": "/nix/store/4i98jfr078kizp6ibrzzxk26ibmikg05-cljfmt-0.13.1",
              "default": true
            }
          ],
          "store_path": "/nix/store/4i98jfr078kizp6ibrzzxk26ibmikg05-cljfmt-0.13.1"
        },
        "x86_64-linux": {
          "outputs": [
            {
              "name": "out",
              "path": "/nix/store/kgri2wqgrl378bpbx2agp58ri9pgwwjn-cljfmt-0.13.1",
              "default": true
            }
          ],
          "store_path": "/nix/store/kgri2wqgrl378bpbx2agp58ri9pgwwjn-cljfmt-0.13.1"
        }
      }
    },
    "clojure-lsp@latest": {
      "last_modified": "2025-09-19T06:08:23Z",
      "resolved": "github:NixOS/nixpkgs/12bd230118a1901a4a5d393f9f56b6ad7e571d01#clojure-lsp",
      "source": "devbox-search",
      "version": "2025.08.25-14.21.46",
      "systems": {
        "aarch64-darwin": {
          "outputs": [
            {
              "name": "out",
              "path": "/nix/store/bk314x9cb5jp2p8qcr0ml53l7y9pfxjv-clojure-lsp-2025.08.25-14.21.46",
              "default": true
            }
          ],
          "store_path": "/nix/store/bk314x9cb5jp2p8qcr0ml53l7y9pfxjv-clojure-lsp-2025.08.25-14.21.46"
        },
        "aarch64-linux": {
          "outputs": [
            {
              "name": "out",
              "path": "/nix/store/vivdazj8p8vf2nw3v5gv4hgrjsn2baj4-clojure-lsp-2025.08.25-14.21.46",
              "default": true
            }
          ],
          "store_path": "/nix/store/vivdazj8p8vf2nw3v5gv4hgrjsn2baj4-clojure-lsp-2025.08.25-14.21.46"
        },
        "x86_64-darwin": {
          "outputs": [
            {
              "name": "out",
              "path": "/nix/store/kxdlrsd0si1vjhmhibcbpmlhhdxf83wg-clojure-lsp-2025.08.25-14.21.46",
              "default": true
            }
          ],
          "store_path": "/nix/store/kxdlrsd0si1vjhmhibcbpmlhhdxf83wg-clojure-lsp-2025.08.25-14.21.46"
        },
        "x86_64-linux": {
          "outputs": [
            {
              "name": "out",
              "path": "/nix/store/dgrj70z84pxqz6ql91pnfxm0ll79sqf4-clojure-lsp-2025.08.25-14.21.46",
              "default": true
            }
          ],
          "store_path": "/nix/store/dgrj70z84pxqz6ql91pnfxm0ll79sqf4-clojure-lsp-2025.08.25-14.21.46"
        }
      }
    },
    "clojure@latest": {
      "last_modified": "2025-09-18T16:33:27Z",
      "resolved": "github:NixOS/nixpkgs/f4b140d5b253f5e2a1ff4e5506edbf8267724bde#clojure",
      "source": "devbox-search",
      "version": "1.12.1.1561",
      "systems": {
        "aarch64-darwin": {
          "outputs": [
            {
              "name": "out",
              "path": "/nix/store/cdfja9q5yghrpyn5fl880g84v61wv1xq-clojure-1.12.1.1561",
              "default": true
            }
          ],
          "store_path": "/nix/store/cdfja9q5yghrpyn5fl880g84v61wv1xq-clojure-1.12.1.1561"
        },
        "aarch64-linux": {
          "outputs": [
            {
              "name": "out",
              "path": "/nix/store/482fh6pk9j0xjgkvvnm6fwb8vin1cip3-clojure-1.12.1.1561",
              "default": true
            }
          ],
          "store_path": "/nix/store/482fh6pk9j0xjgkvvnm6fwb8vin1cip3-clojure-1.12.1.1561"
        },
        "x86_64-darwin": {
          "outputs": [
            {
              "name": "out",
              "path": "/nix/store/pfxpzc6bmzhz5a6jj2akf8i7wdmfb439-clojure-1.12.1.1561",
              "default": true
            }
          ],
          "store_path": "/nix/store/pfxpzc6bmzhz5a6jj2akf8i7wdmfb439-clojure-1.12.1.1561"
        },
        "x86_64-linux": {
          "outputs": [
            {
              "name": "out",
              "path": "/nix/store/39syva0zbij120zdfxzlh155y62vz2z7-clojure-1.12.1.1561",
              "default": true
            }
          ],
          "store_path": "/nix/store/39syva0zbij120zdfxzlh155y62vz2z7-clojure-1.12.1.1561"
        }
      }
    },
    "github:NixOS/nixpkgs/nixpkgs-unstable": {
      "last_modified": "2025-10-11T06:31:15Z",
      "resolved": "github:NixOS/nixpkgs/362791944032cb532aabbeed7887a441496d5e6e?lastModified=1760164275"
    },
    "glibcLocales@latest": {
      "last_modified": "2025-09-18T16:33:27Z",
      "resolved": "github:NixOS/nixpkgs/f4b140d5b253f5e2a1ff4e5506edbf8267724bde#glibcLocales",
      "source": "devbox-search",
      "version": "2.40-66",
      "systems": {
        "aarch64-linux": {
          "outputs": [
            {
              "name": "out",
              "path": "/nix/store/zjadyj68vh7mnngwngy4v80ydyf2w5i4-glibc-locales-2.40-66",
              "default": true
            }
          ],
          "store_path": "/nix/store/zjadyj68vh7mnngwngy4v80ydyf2w5i4-glibc-locales-2.40-66"
        },
        "x86_64-linux": {
          "outputs": [
            {
              "name": "out",
              "path": "/nix/store/008h0z2m22alg2v8kcdcw4v0f7c39lmm-glibc-locales-2.40-66",
              "default": true
            }
          ],
          "store_path": "/nix/store/008h0z2m22alg2v8kcdcw4v0f7c39lmm-glibc-locales-2.40-66"
        }
      }
    },
    "google-cloud-sdk@latest": {
      "last_modified": "2025-09-18T16:33:27Z",
      "resolved": "github:NixOS/nixpkgs/f4b140d5b253f5e2a1ff4e5506edbf8267724bde#google-cloud-sdk",
      "source": "devbox-search",
      "version": "537.0.0",
      "systems": {
        "aarch64-darwin": {
          "outputs": [
            {
              "name": "out",
              "path": "/nix/store/5hmfd2vpdpm94lkj1m6wpdg8vbdakrwr-google-cloud-sdk-537.0.0",
              "default": true
            }
          ],
          "store_path": "/nix/store/5hmfd2vpdpm94lkj1m6wpdg8vbdakrwr-google-cloud-sdk-537.0.0"
        },
        "aarch64-linux": {
          "outputs": [
            {
              "name": "out",
              "path": "/nix/store/ljmr1jyxx1l37v6kv1f9awqjdkmpdlql-google-cloud-sdk-537.0.0",
              "default": true
            }
          ],
          "store_path": "/nix/store/ljmr1jyxx1l37v6kv1f9awqjdkmpdlql-google-cloud-sdk-537.0.0"
        },
        "x86_64-darwin": {
          "outputs": [
            {
              "name": "out",
              "path": "/nix/store/9zgqafjwy7g9hmgxmi1bijsaz80m8bnc-google-cloud-sdk-537.0.0",
              "default": true
            }
          ],
          "store_path": "/nix/store/9zgqafjwy7g9hmgxmi1bijsaz80m8bnc-google-cloud-sdk-537.0.0"
        },
        "x86_64-linux": {
          "outputs": [
            {
              "name": "out",
              "path": "/nix/store/ajidfivbi1zw53rlbq38pzjf1mmz80h6-google-cloud-sdk-537.0.0",
              "default": true
            }
          ],
          "store_path": "/nix/store/ajidfivbi1zw53rlbq38pzjf1mmz80h6-google-cloud-sdk-537.0.0"
        }
      }
    },
    "libspatialite@5.1.0": {
      "last_modified": "2025-11-23T21:50:36Z",
      "resolved": "github:NixOS/nixpkgs/ee09932cedcef15aaf476f9343d1dea2cb77e261#libspatialite",
      "source": "devbox-search",
      "version": "5.1.0",
      "systems": {
        "aarch64-darwin": {
          "outputs": [
            {
              "name": "out",
              "path": "/nix/store/s75qpp20j0alknnhk15c21y6n6npw3xd-libspatialite-5.1.0",
              "default": true
            },
            {
              "name": "dev",
              "path": "/nix/store/swpdbdz7wi423dz0b261qwslh7mms37a-libspatialite-5.1.0-dev"
            }
          ],
          "store_path": "/nix/store/s75qpp20j0alknnhk15c21y6n6npw3xd-libspatialite-5.1.0"
        },
        "aarch64-linux": {
          "outputs": [
            {
              "name": "out",
              "path": "/nix/store/1b57bpmby0k80bvvlzg139gv3m71g18v-libspatialite-5.1.0",
              "default": true
            },
            {
              "name": "dev",
              "path": "/nix/store/42b65inf8y4d2x567w9jp1i73r1qscfn-libspatialite-5.1.0-dev"
            }
          ],
          "store_path": "/nix/store/1b57bpmby0k80bvvlzg139gv3m71g18v-libspatialite-5.1.0"
        },
        "x86_64-darwin": {
          "outputs": [
            {
              "name": "out",
              "path": "/nix/store/wz5192zqkhf7zr4059683an7nc48yfdh-libspatialite-5.1.0",
              "default": true
            },
            {
              "name": "dev",
              "path": "/nix/store/xhjksx8lvgggrxv36jkjbic0k5fgaxz0-libspatialite-5.1.0-dev"
            }
          ],
          "store_path": "/nix/store/wz5192zqkhf7zr4059683an7nc48yfdh-libspatialite-5.1.0"
        },
        "x86_64-linux": {
          "outputs": [
            {
              "name": "out",
              "path": "/nix/store/y6k4izbxppjynr2f97ddji8x1f10bw9v-libspatialite-5.1.0",
              "default": true
            },
            {
              "name": "dev",
              "path": "/nix/store/947ddd19b7s5n2i10d0kv6vkqhrimxrb-libspatialite-5.1.0-dev"
            }
          ],
          "store_path": "/nix/store/y6k4izbxppjynr2f97ddji8x1f10bw9v-libspatialite-5.1.0"
        }
      }
    },
    "nodejs@22.14.0": {
      "last_modified": "2025-05-31T03:30:20Z",
      "plugin_version": "0.0.2",
      "resolved": "github:NixOS/nixpkgs/59138c7667b7970d205d6a05a8bfa2d78caa3643#nodejs_22",
      "source": "devbox-search",
      "version": "22.14.0",
      "systems": {
        "aarch64-darwin": {
          "outputs": [
            {
              "name": "out",
              "path": "/nix/store/g5bv4gi6p7ryhs2hbaryxs6ivsxa6lqc-nodejs-22.14.0",
              "default": true
            },
            {
              "name": "dev",
              "path": "/nix/store/96vpirdcns8zxdwzwl7n804012lwrf1n-nodejs-22.14.0-dev"
            },
            {
              "name": "libv8",
              "path": "/nix/store/xph2837xqjnra80mqlk64xp7vb3kkqxs-nodejs-22.14.0-libv8"
            }
          ],
          "store_path": "/nix/store/g5bv4gi6p7ryhs2hbaryxs6ivsxa6lqc-nodejs-22.14.0"
        },
        "aarch64-linux": {
          "outputs": [
            {
              "name": "out",
              "path": "/nix/store/cwb781xbp70f72njqh8vhvbsf1xq87i5-nodejs-22.14.0",
              "default": true
            },
            {
              "name": "dev",
              "path": "/nix/store/0w5mql46am2qai707a42q983l44l1h9z-nodejs-22.14.0-dev"
            },
            {
              "name": "libv8",
              "path": "/nix/store/vy56lahz381ayvw3hym3wj4r4ggv7gbk-nodejs-22.14.0-libv8"
            }
          ],
          "store_path": "/nix/store/cwb781xbp70f72njqh8vhvbsf1xq87i5-nodejs-22.14.0"
        },
        "x86_64-darwin": {
          "outputs": [
            {
              "name": "out",
              "path": "/nix/store/086zjv14ipka2vbpgwil3xyvi5ml4vh3-nodejs-22.14.0",
              "default": true
            },
            {
              "name": "dev",
              "path": "/nix/store/24n01nfvy908pwzwpgsl0k4227187i7i-nodejs-22.14.0-dev"
            },
            {
              "name": "libv8",
              "path": "/nix/store/jiwk0in1wk85crn9vp03gg937gbh1s0w-nodejs-22.14.0-libv8"
            }
          ],
          "store_path": "/nix/store/086zjv14ipka2vbpgwil3xyvi5ml4vh3-nodejs-22.14.0"
        },
        "x86_64-linux": {
          "outputs": [
            {
              "name": "out",
              "path": "/nix/store/c8jxsih8yy2rnncdmx2hyraizf689nvp-nodejs-22.14.0",
              "default": true
            },
            {
              "name": "libv8",
              "path": "/nix/store/s8gnrgh9hgnbkrc1wrn21d6zvkbvm9vi-nodejs-22.14.0-libv8"
            },
            {
              "name": "dev",
              "path": "/nix/store/xw8c1c0inxq3xl1d7axz19vq8c05kjk5-nodejs-22.14.0-dev"
            }
          ],
          "store_path": "/nix/store/c8jxsih8yy2rnncdmx2hyraizf689nvp-nodejs-22.14.0"
        }
      }
    },
    "sqlfluff@3.4.2": {
      "last_modified": "2025-09-18T16:33:27Z",
      "resolved": "github:NixOS/nixpkgs/f4b140d5b253f5e2a1ff4e5506edbf8267724bde#sqlfluff",
      "source": "devbox-search",
      "version": "3.4.2",
      "systems": {
        "aarch64-darwin": {
          "outputs": [
            {
              "name": "out",
              "path": "/nix/store/f0fyfwvbpl2a10qfi0xzbk1yhpg9xpnh-sqlfluff-3.4.2",
              "default": true
            },
            {
              "name": "dist",
              "path": "/nix/store/ns1jcxhbkkl2jzr4184k2sylr6lm7jcg-sqlfluff-3.4.2-dist"
            }
          ],
          "store_path": "/nix/store/f0fyfwvbpl2a10qfi0xzbk1yhpg9xpnh-sqlfluff-3.4.2"
        },
        "aarch64-linux": {
          "outputs": [
            {
              "name": "out",
              "path": "/nix/store/2mfvkd2c6rp3r5a8sv78v4f34l6r4hg0-sqlfluff-3.4.2",
              "default": true
            },
            {
              "name": "dist",
              "path": "/nix/store/9rgi3mxsqsby26qprn8hq39mmr9lzggq-sqlfluff-3.4.2-dist"
            }
          ],
          "store_path": "/nix/store/2mfvkd2c6rp3r5a8sv78v4f34l6r4hg0-sqlfluff-3.4.2"
        },
        "x86_64-darwin": {
          "outputs": [
            {
              "name": "out",
              "path": "/nix/store/saawa7kp4l439d6hdsxybklg2kqpgkzr-sqlfluff-3.4.2",
              "default": true
            },
            {
              "name": "dist",
              "path": "/nix/store/qf068h8kamsy5m6pfmkd34d1p9cx6idg-sqlfluff-3.4.2-dist"
            }
          ],
          "store_path": "/nix/store/saawa7kp4l439d6hdsxybklg2kqpgkzr-sqlfluff-3.4.2"
        },
        "x86_64-linux": {
          "outputs": [
            {
              "name": "out",
              "path": "/nix/store/4m4088dfqp5lnlmyc9k15f04fsn5il27-sqlfluff-3.4.2",
              "default": true
            },
            {
              "name": "dist",
              "path": "/nix/store/86j3r30i27s1fh85kgsw81ifpq18ggf4-sqlfluff-3.4.2-dist"
            }
          ],
          "store_path": "/nix/store/4m4088dfqp5lnlmyc9k15f04fsn5il27-sqlfluff-3.4.2"
        }
      }
    },
    "sqlite@latest": {
      "last_modified": "2025-10-13T09:56:54Z",
      "resolved": "github:NixOS/nixpkgs/c12c63cd6c5eb34c7b4c3076c6a99e00fcab86ec#sqlite",
      "source": "devbox-search",
      "version": "3.50.4",
      "systems": {
        "aarch64-darwin": {
          "outputs": [
            {
              "name": "bin",
              "path": "/nix/store/y8380f5fp8gqhh5ncrclv96xqrfihg7w-sqlite-3.50.4-bin",
              "default": true
            },
            {
              "name": "man",
              "path": "/nix/store/3w906cjykf7r1r8bdglqlw6240yhzcys-sqlite-3.50.4-man",
              "default": true
            },
            {
              "name": "out",
              "path": "/nix/store/lil5md64xnlcq1p106q11k6298j2nax0-sqlite-3.50.4"
            },
            {
              "name": "dev",
              "path": "/nix/store/q7580yvbnjpp7w3k3gsccn3xq4kniink-sqlite-3.50.4-dev"
            },
            {
              "name": "doc",
              "path": "/nix/store/ps3qi9dqq2sq77023c8hjc324n73sc4x-sqlite-3.50.4-doc"
            }
          ],
          "store_path": "/nix/store/y8380f5fp8gqhh5ncrclv96xqrfihg7w-sqlite-3.50.4-bin"
        },
        "aarch64-linux": {
          "outputs": [
            {
              "name": "bin",
              "path": "/nix/store/kx0np1265aj43a2n6j1f1qnirr72d22m-sqlite-3.50.4-bin",
              "default": true
            },
            {
              "name": "man",
              "path": "/nix/store/wyp2yiihc3kysw2jg81flpsjg43rvgs6-sqlite-3.50.4-man",
              "default": true
            },
            {
              "name": "out",
              "path": "/nix/store/8c1wjp21hy1a7drg6s5jf16jj0j731zf-sqlite-3.50.4"
            },
            {
              "name": "debug",
              "path": "/nix/store/d5zpdfrdklgk42nfa5i04v2mpnp5bq3d-sqlite-3.50.4-debug"
            },
            {
              "name": "dev",
              "path": "/nix/store/9wv38kld7j4v2czr1df7zgvp77fpy33y-sqlite-3.50.4-dev"
            },
            {
              "name": "doc",
              "path": "/nix/store/8y1ymvyzils4sm1kxqb2hn01c6jnjsnm-sqlite-3.50.4-doc"
            }
          ],
          "store_path": "/nix/store/kx0np1265aj43a2n6j1f1qnirr72d22m-sqlite-3.50.4-bin"
        },
        "x86_64-darwin": {
          "outputs": [
            {
              "name": "bin",
              "path": "/nix/store/3d9ihf5ghxlbnjxilnzvg91yyfilbkic-sqlite-3.50.4-bin",
              "default": true
            },
            {
              "name": "man",
              "path": "/nix/store/dnawsmd6wb0jv20bvsqqafz8jfalfd4v-sqlite-3.50.4-man",
              "default": true
            },
            {
              "name": "out",
              "path": "/nix/store/yj8fkyykl37s0b53fpahy998xjwrd9a5-sqlite-3.50.4"
            },
            {
              "name": "dev",
              "path": "/nix/store/1ibqa0jgzikvkbwmi0dfgg3ng1zkgfqf-sqlite-3.50.4-dev"
            },
            {
              "name": "doc",
              "path": "/nix/store/9zm9frmkgzhm5b99znj53sng1wy6z5yz-sqlite-3.50.4-doc"
            }
          ],
          "store_path": "/nix/store/3d9ihf5ghxlbnjxilnzvg91yyfilbkic-sqlite-3.50.4-bin"
        },
        "x86_64-linux": {
          "outputs": [
            {
              "name": "bin",
              "path": "/nix/store/7p5yg8li32wgxxsydbzblnjgs8hvl9wd-sqlite-3.50.4-bin",
              "default": true
            },
            {
              "name": "man",
              "path": "/nix/store/aid1h2qf6zyf56rqvawwhzv559x9fbc7-sqlite-3.50.4-man",
              "default": true
            },
            {
              "name": "out",
              "path": "/nix/store/jqrf546vxc6nzf4575m4am3w4ywq765i-sqlite-3.50.4"
            },
            {
              "name": "debug",
              "path": "/nix/store/v5qg5y6nwdkps5dq7m7jbxfwi2fb6gvs-sqlite-3.50.4-debug"
            },
            {
              "name": "dev",
              "path": "/nix/store/3a7y8k7fh6xldnpvd3bx3ygnx5044xw6-sqlite-3.50.4-dev"
            },
            {
              "name": "doc",
              "path": "/nix/store/78yi8pj1dy1sxpmy7rm6661j2y8dds68-sqlite-3.50.4-doc"
            }
          ],
          "store_path": "/nix/store/7p5yg8li32wgxxsydbzblnjgs8hvl9wd-sqlite-3.50.4-bin"
        }
      }
    }
  }
}
