{
  "lockfile_version": "1",
  "packages": {
    "clj-kondo@latest": {
      "last_modified": "2024-08-23T06:49:21Z",
      "resolved": "github:NixOS/nixpkgs/ae815cee91b417be55d43781eb4b73ae1ecc396c#clj-kondo",
      "source": "devbox-search",
      "version": "2024.08.01",
      "systems": {
        "aarch64-darwin": {
          "outputs": [
            {
              "name": "out",
              "path": "/nix/store/kzfyidvfpxh40avylx15bh3xncjjksfy-clj-kondo-2024.08.01",
              "default": true
            }
          ],
          "store_path": "/nix/store/kzfyidvfpxh40avylx15bh3xncjjksfy-clj-kondo-2024.08.01"
        },
        "aarch64-linux": {
          "outputs": [
            {
              "name": "out",
              "path": "/nix/store/kpb7n22ll4nqcj18ksc8jnkcd7mc1428-clj-kondo-2024.08.01",
              "default": true
            }
          ],
          "store_path": "/nix/store/kpb7n22ll4nqcj18ksc8jnkcd7mc1428-clj-kondo-2024.08.01"
        },
        "x86_64-darwin": {
          "outputs": [
            {
              "name": "out",
              "path": "/nix/store/d96xw0khnzb23fq1xacxg8w6cdvw87al-clj-kondo-2024.08.01",
              "default": true
            }
          ],
          "store_path": "/nix/store/d96xw0khnzb23fq1xacxg8w6cdvw87al-clj-kondo-2024.08.01"
        },
        "x86_64-linux": {
          "outputs": [
            {
              "name": "out",
              "path": "/nix/store/rzmbdfi8c1xla7rzn4bb604iydcca713-clj-kondo-2024.08.01",
              "default": true
            }
          ],
          "store_path": "/nix/store/rzmbdfi8c1xla7rzn4bb604iydcca713-clj-kondo-2024.08.01"
        }
      }
    },
    "cljfmt@latest": {
      "last_modified": "2024-08-14T11:41:26Z",
      "resolved": "github:NixOS/nixpkgs/0cb2fd7c59fed0cd82ef858cbcbdb552b9a33465#cljfmt",
      "source": "devbox-search",
      "version": "0.12.0",
      "systems": {
        "aarch64-darwin": {
          "outputs": [
            {
              "name": "out",
              "path": "/nix/store/2wn1ramisfwgd5404r5npv5jjb82m7dr-cljfmt-0.12.0",
              "default": true
            }
          ],
          "store_path": "/nix/store/2wn1ramisfwgd5404r5npv5jjb82m7dr-cljfmt-0.12.0"
        },
        "aarch64-linux": {
          "outputs": [
            {
              "name": "out",
              "path": "/nix/store/iv42zj9l7lh68bc44xxvfx15wf16yfzc-cljfmt-0.12.0",
              "default": true
            }
          ],
          "store_path": "/nix/store/iv42zj9l7lh68bc44xxvfx15wf16yfzc-cljfmt-0.12.0"
        },
        "x86_64-darwin": {
          "outputs": [
            {
              "name": "out",
              "path": "/nix/store/j544rikhzn64yhcjn1ig9bj9x07bnic8-cljfmt-0.12.0",
              "default": true
            }
          ],
          "store_path": "/nix/store/j544rikhzn64yhcjn1ig9bj9x07bnic8-cljfmt-0.12.0"
        },
        "x86_64-linux": {
          "outputs": [
            {
              "name": "out",
              "path": "/nix/store/hg8faagdlnyc35w00sxl6763mmksdi67-cljfmt-0.12.0",
              "default": true
            }
          ],
          "store_path": "/nix/store/hg8faagdlnyc35w00sxl6763mmksdi67-cljfmt-0.12.0"
        }
      }
    },
    "clojure-lsp@latest": {
      "last_modified": "2024-08-14T11:41:26Z",
      "resolved": "github:NixOS/nixpkgs/0cb2fd7c59fed0cd82ef858cbcbdb552b9a33465#clojure-lsp",
      "source": "devbox-search",
      "version": "2024.04.22-11.50.26",
      "systems": {
        "aarch64-darwin": {
          "outputs": [
            {
              "name": "out",
              "path": "/nix/store/wdw8cym59w953349jp6q08qxadfhazzp-clojure-lsp-2024.04.22-11.50.26",
              "default": true
            }
          ],
          "store_path": "/nix/store/wdw8cym59w953349jp6q08qxadfhazzp-clojure-lsp-2024.04.22-11.50.26"
        },
        "aarch64-linux": {
          "outputs": [
            {
              "name": "out",
              "path": "/nix/store/6a59gyx9njlf0zl18r7zrhq2nnnbg9rd-clojure-lsp-2024.04.22-11.50.26",
              "default": true
            }
          ],
          "store_path": "/nix/store/6a59gyx9njlf0zl18r7zrhq2nnnbg9rd-clojure-lsp-2024.04.22-11.50.26"
        },
        "x86_64-darwin": {
          "outputs": [
            {
              "name": "out",
              "path": "/nix/store/g61k8hg0hnsg2gvkf56r7rhq0s9pigv7-clojure-lsp-2024.04.22-11.50.26",
              "default": true
            }
          ],
          "store_path": "/nix/store/g61k8hg0hnsg2gvkf56r7rhq0s9pigv7-clojure-lsp-2024.04.22-11.50.26"
        },
        "x86_64-linux": {
          "outputs": [
            {
              "name": "out",
              "path": "/nix/store/jz5bm66qf1z5spxhwr3ymmxdbd6rqq78-clojure-lsp-2024.04.22-11.50.26",
              "default": true
            }
          ],
          "store_path": "/nix/store/jz5bm66qf1z5spxhwr3ymmxdbd6rqq78-clojure-lsp-2024.04.22-11.50.26"
        }
      }
    },
    "clojure@latest": {
      "last_modified": "2025-10-07T08:41:47Z",
      "resolved": "github:NixOS/nixpkgs/bce5fe2bb998488d8e7e7856315f90496723793c#clojure",
      "source": "devbox-search",
      "version": "1.12.2.1565",
      "systems": {
        "aarch64-darwin": {
          "outputs": [
            {
              "name": "out",
              "path": "/nix/store/d3m4cbi8g960hn2dxx8ybqdhzgn6rw19-clojure-1.12.2.1565",
              "default": true
            }
          ],
          "store_path": "/nix/store/d3m4cbi8g960hn2dxx8ybqdhzgn6rw19-clojure-1.12.2.1565"
        },
        "aarch64-linux": {
          "outputs": [
            {
              "name": "out",
              "path": "/nix/store/z9zldc5kkfc14kil70glwhngn063mlqy-clojure-1.12.2.1565",
              "default": true
            }
          ],
          "store_path": "/nix/store/z9zldc5kkfc14kil70glwhngn063mlqy-clojure-1.12.2.1565"
        },
        "x86_64-darwin": {
          "outputs": [
            {
              "name": "out",
              "path": "/nix/store/8jx8xj32r5vgrvixzrbjknsyadqk4d0n-clojure-1.12.2.1565",
              "default": true
            }
          ],
          "store_path": "/nix/store/8jx8xj32r5vgrvixzrbjknsyadqk4d0n-clojure-1.12.2.1565"
        },
        "x86_64-linux": {
          "outputs": [
            {
              "name": "out",
              "path": "/nix/store/5jz0c2n3j5vk8qnmrq43qb3zrsd1wvy6-clojure-1.12.2.1565",
              "default": true
            }
          ],
          "store_path": "/nix/store/5jz0c2n3j5vk8qnmrq43qb3zrsd1wvy6-clojure-1.12.2.1565"
        }
      }
    },
    "dbmate@2.19.0": {
      "last_modified": "2024-08-14T11:41:26Z",
      "resolved": "github:NixOS/nixpkgs/0cb2fd7c59fed0cd82ef858cbcbdb552b9a33465#dbmate",
      "source": "devbox-search",
      "version": "2.19.0",
      "systems": {
        "aarch64-darwin": {
          "outputs": [
            {
              "name": "out",
              "path": "/nix/store/icr66bf9r2igis98jssla8ig0n7igpi6-dbmate-2.19.0",
              "default": true
            }
          ],
          "store_path": "/nix/store/icr66bf9r2igis98jssla8ig0n7igpi6-dbmate-2.19.0"
        },
        "aarch64-linux": {
          "outputs": [
            {
              "name": "out",
              "path": "/nix/store/r2lnwg1539bw20p8d05chc12hvpxnqx4-dbmate-2.19.0",
              "default": true
            }
          ],
          "store_path": "/nix/store/r2lnwg1539bw20p8d05chc12hvpxnqx4-dbmate-2.19.0"
        },
        "x86_64-darwin": {
          "outputs": [
            {
              "name": "out",
              "path": "/nix/store/bkm2zzw5ijanh2zi10i4mvv4v8llcj52-dbmate-2.19.0",
              "default": true
            }
          ],
          "store_path": "/nix/store/bkm2zzw5ijanh2zi10i4mvv4v8llcj52-dbmate-2.19.0"
        },
        "x86_64-linux": {
          "outputs": [
            {
              "name": "out",
              "path": "/nix/store/s3psx1zfm42dgf3y10jpkd09qn8c5023-dbmate-2.19.0",
              "default": true
            }
          ],
          "store_path": "/nix/store/s3psx1zfm42dgf3y10jpkd09qn8c5023-dbmate-2.19.0"
        }
      }
    },
    "github:NixOS/nixpkgs/nixpkgs-unstable": {
      "resolved": "github:NixOS/nixpkgs/199169a2135e6b864a888e89a2ace345703c025d?lastModified=1740791350&narHash=sha256-igS2Z4tVw5W%2Fx3lCZeeadt0vcU9fxtetZ%2FRyrqsCRQ0%3D"
    },
    "glibcLocales@latest": {
      "last_modified": "2024-08-14T11:41:26Z",
      "resolved": "github:NixOS/nixpkgs/0cb2fd7c59fed0cd82ef858cbcbdb552b9a33465#glibcLocales",
      "source": "devbox-search",
      "version": "2.39-52",
      "systems": {
        "aarch64-linux": {
          "outputs": [
            {
              "name": "out",
              "path": "/nix/store/azn19dmc3l8pckr535bfslp2wflm5rgm-glibc-locales-2.39-52",
              "default": true
            }
          ],
          "store_path": "/nix/store/azn19dmc3l8pckr535bfslp2wflm5rgm-glibc-locales-2.39-52"
        },
        "x86_64-linux": {
          "outputs": [
            {
              "name": "out",
              "path": "/nix/store/bkrvzlabph1fpyaby14habc8ybzi44lb-glibc-locales-2.39-52",
              "default": true
            }
          ],
          "store_path": "/nix/store/bkrvzlabph1fpyaby14habc8ybzi44lb-glibc-locales-2.39-52"
        }
      }
    },
    "nodejs@20.12.2": {
      "last_modified": "2024-06-12T20:55:33Z",
      "plugin_version": "0.0.2",
      "resolved": "github:NixOS/nixpkgs/a9858885e197f984d92d7fe64e9fff6b2e488d40#nodejs_20",
      "source": "devbox-search",
      "version": "20.12.2",
      "systems": {
        "aarch64-darwin": {
          "outputs": [
            {
              "name": "out",
              "path": "/nix/store/ridvrr7dsnxpvh3f1sr41xiwvwk1nnkg-nodejs-20.12.2",
              "default": true
            },
            {
              "name": "libv8",
              "path": "/nix/store/08xq7dq3gmv0cs6b4283xihjvhy9d1vy-nodejs-20.12.2-libv8"
            }
          ],
          "store_path": "/nix/store/ridvrr7dsnxpvh3f1sr41xiwvwk1nnkg-nodejs-20.12.2"
        },
        "aarch64-linux": {
          "outputs": [
            {
              "name": "out",
              "path": "/nix/store/ybhzncvkslqd0b9c3lp91l0wphjzczc8-nodejs-20.12.2",
              "default": true
            },
            {
              "name": "libv8",
              "path": "/nix/store/5gbmjz6s6bqniqpmzszz1mxis6bsvkk7-nodejs-20.12.2-libv8"
            }
          ],
          "store_path": "/nix/store/ybhzncvkslqd0b9c3lp91l0wphjzczc8-nodejs-20.12.2"
        },
        "x86_64-darwin": {
          "outputs": [
            {
              "name": "out",
              "path": "/nix/store/gxi71m2y8x1rl83dpr1g0x9yz3klrcb0-nodejs-20.12.2",
              "default": true
            },
            {
              "name": "libv8",
              "path": "/nix/store/mmfi1a89j8ph7x0rkqy43fc9h31hxxcr-nodejs-20.12.2-libv8"
            }
          ],
          "store_path": "/nix/store/gxi71m2y8x1rl83dpr1g0x9yz3klrcb0-nodejs-20.12.2"
        },
        "x86_64-linux": {
          "outputs": [
            {
              "name": "out",
              "path": "/nix/store/74a6mmrgxzcg9axl1gmdz3j2y1bjd13f-nodejs-20.12.2",
              "default": true
            },
            {
              "name": "libv8",
              "path": "/nix/store/qgrqys125k7c7ish5l1bkphgi49nbcig-nodejs-20.12.2-libv8"
            }
          ],
          "store_path": "/nix/store/74a6mmrgxzcg9axl1gmdz3j2y1bjd13f-nodejs-20.12.2"
        }
      }
    },
    "python@3.14.0": {
      "last_modified": "2025-10-08T01:30:28Z",
      "plugin_version": "0.0.4",
      "resolved": "github:NixOS/nixpkgs/8b5c9dd8856f0c0cf46cc91f2c21c106a9d42e25#python314",
      "source": "devbox-search",
      "version": "3.14.0",
      "systems": {
        "aarch64-darwin": {
          "outputs": [
            {
              "name": "out",
              "path": "/nix/store/2sqv05h8017f38w5rvppb2f5wbbisnwp-python3-3.14.0",
              "default": true
            }
          ],
          "store_path": "/nix/store/2sqv05h8017f38w5rvppb2f5wbbisnwp-python3-3.14.0"
        },
        "aarch64-linux": {
          "outputs": [
            {
              "name": "out",
              "path": "/nix/store/zlph3shgrkfmrhkxbgmi6qa26gfzl58q-python3-3.14.0",
              "default": true
            },
            {
              "name": "debug",
              "path": "/nix/store/3zmfrpjfpqaxcl68hlg5nfzvx49awjks-python3-3.14.0-debug"
            }
          ],
          "store_path": "/nix/store/zlph3shgrkfmrhkxbgmi6qa26gfzl58q-python3-3.14.0"
        },
        "x86_64-darwin": {
          "outputs": [
            {
              "name": "out",
              "path": "/nix/store/bq9ss2vlr05zdrhcfmvclm0gsrc7i6xb-python3-3.14.0",
              "default": true
            }
          ],
          "store_path": "/nix/store/bq9ss2vlr05zdrhcfmvclm0gsrc7i6xb-python3-3.14.0"
        },
        "x86_64-linux": {
          "outputs": [
            {
              "name": "out",
              "path": "/nix/store/76lchhz5hhik0j5hjy6lwwn3ik0x54aa-python3-3.14.0",
              "default": true
            },
            {
              "name": "debug",
              "path": "/nix/store/rjm597f2d9bjllyjnv3y20261bwxd108-python3-3.14.0-debug"
            }
          ],
          "store_path": "/nix/store/76lchhz5hhik0j5hjy6lwwn3ik0x54aa-python3-3.14.0"
        }
      }
    },
    "sqlfluff@3.1.0": {
      "last_modified": "2024-08-14T11:41:26Z",
      "resolved": "github:NixOS/nixpkgs/0cb2fd7c59fed0cd82ef858cbcbdb552b9a33465#sqlfluff",
      "source": "devbox-search",
      "version": "3.1.0",
      "systems": {
        "aarch64-darwin": {
          "outputs": [
            {
              "name": "out",
              "path": "/nix/store/ps4jrc0b84rryqjxlbzwzbxzfzsbvk8z-sqlfluff-3.1.0",
              "default": true
            },
            {
              "name": "dist",
              "path": "/nix/store/bhmsf74xjhmns0wlr8bw63lfbkqdc83w-sqlfluff-3.1.0-dist"
            }
          ],
          "store_path": "/nix/store/ps4jrc0b84rryqjxlbzwzbxzfzsbvk8z-sqlfluff-3.1.0"
        },
        "aarch64-linux": {
          "outputs": [
            {
              "name": "out",
              "path": "/nix/store/mn0xrqglcj84c6vxsasphamyf9pbh033-sqlfluff-3.1.0",
              "default": true
            },
            {
              "name": "dist",
              "path": "/nix/store/9zc4815pm8bpjx7x57p9d0v0z38ia1x2-sqlfluff-3.1.0-dist"
            }
          ],
          "store_path": "/nix/store/mn0xrqglcj84c6vxsasphamyf9pbh033-sqlfluff-3.1.0"
        },
        "x86_64-darwin": {
          "outputs": [
            {
              "name": "out",
              "path": "/nix/store/dwasbll2pld7fl42hfx0xbnrf0mw5sza-sqlfluff-3.1.0",
              "default": true
            },
            {
              "name": "dist",
              "path": "/nix/store/ps35fyvcb9x1lv427vjr0j3fv461nv46-sqlfluff-3.1.0-dist"
            }
          ],
          "store_path": "/nix/store/dwasbll2pld7fl42hfx0xbnrf0mw5sza-sqlfluff-3.1.0"
        },
        "x86_64-linux": {
          "outputs": [
            {
              "name": "out",
              "path": "/nix/store/62kq788m2kk9r354jan958z9kgf0zgq5-sqlfluff-3.1.0",
              "default": true
            },
            {
              "name": "dist",
              "path": "/nix/store/nl972zj07sc9p5x21993f9bd792bazbl-sqlfluff-3.1.0-dist"
            }
          ],
          "store_path": "/nix/store/62kq788m2kk9r354jan958z9kgf0zgq5-sqlfluff-3.1.0"
        }
      }
    },
    "uv@0.8.19": {
      "last_modified": "2025-10-07T08:41:47Z",
      "resolved": "github:NixOS/nixpkgs/bce5fe2bb998488d8e7e7856315f90496723793c#uv",
      "source": "devbox-search",
      "version": "0.8.19",
      "systems": {
        "aarch64-darwin": {
          "outputs": [
            {
              "name": "out",
              "path": "/nix/store/lv129j2nzhmqidpp52kf359adwdxxv24-uv-0.8.19",
              "default": true
            }
          ],
          "store_path": "/nix/store/lv129j2nzhmqidpp52kf359adwdxxv24-uv-0.8.19"
        },
        "aarch64-linux": {
          "outputs": [
            {
              "name": "out",
              "path": "/nix/store/rmv0i8zwjsyxkiim6bspy9fx9sqdxi37-uv-0.8.19",
              "default": true
            }
          ],
          "store_path": "/nix/store/rmv0i8zwjsyxkiim6bspy9fx9sqdxi37-uv-0.8.19"
        },
        "x86_64-darwin": {
          "outputs": [
            {
              "name": "out",
              "path": "/nix/store/z2xcpx4vnbkn9v8iqss4d71fgz13n8m1-uv-0.8.19",
              "default": true
            }
          ],
          "store_path": "/nix/store/z2xcpx4vnbkn9v8iqss4d71fgz13n8m1-uv-0.8.19"
        },
        "x86_64-linux": {
          "outputs": [
            {
              "name": "out",
              "path": "/nix/store/jiwzxayklgiacpgj0fivzk7abp7gm6bm-uv-0.8.19",
              "default": true
            }
          ],
          "store_path": "/nix/store/jiwzxayklgiacpgj0fivzk7abp7gm6bm-uv-0.8.19"
        }
      }
    }
  }
}
